<?xml version="1.0" encoding="UTF-8" standalone="yes" ?>
<CodeBlocks_project_file>
	<FileVersion major="1" minor="6" />
	<Project>
		<Option title="tests" />
		<Option pch_mode="2" />
		<Option compiler="gcc" />
		<Build>
			<Target title="Debug">
				<Option output="bin/Debug/tests" prefix_auto="1" extension_auto="1" />
				<Option object_output="obj/Debug/" />
				<Option type="1" />
				<Option compiler="gcc" />
				<Compiler>
					<Add option="-g" />
					<Add option="-D__TEST__" />
					<Add directory="D:/personal/Projects/Charlieplexor/code/cube.test/" />
				</Compiler>
			</Target>
		</Build>
		<Compiler>
			<Add option="-Wall" />
			<Add option="-std=c99" />
			<Add option="-m32" />
		</Compiler>
		<Linker>
			<Add option="-m32" />
		</Linker>
		<Unit filename="../cube.X/map.c">
			<Option compilerVar="CC" />
		</Unit>
		<Unit filename="../cube.X/map.h" />
		<Unit filename="../cube.X/scan.c">
			<Option compilerVar="CC" />
		</Unit>
		<Unit filename="../cube.X/scan.h" />
		<Unit filename="main.c">
			<Option compilerVar="CC" />
		</Unit>
		<Unit filename="scan_test.c">
			<Option compilerVar="CC" />
		</Unit>
		<Unit filename="scan_test.h" />
		<Unit filename="xc.c">
			<Option compilerVar="CC" />
		</Unit>
		<Unit filename="xc.h" />
		<Extensions>
			<code_completion />
			<envvars />
			<debugger />
			<lib_finder disable_auto="1" />
		</Extensions>
	</Project>
</CodeBlocks_project_file>
